
Microsoft Visual Studio Solution File, Format Version 12.00
# Visual Studio Version 17
VisualStudioVersion = 17.5.33502.453
MinimumVisualStudioVersion = 10.0.40219.1
Project("{FAE04EC0-301F-11D3-BF4B-00C04F79EFBC}") = "Aviasales_v3", "Aviasales_v3.csproj", "{06642068-BF70-4ED4-B5B8-4A15D7198F90}"
EndProject
Global
	GlobalSection(SolutionConfigurationPlatforms) = preSolution
		Debug|Any CPU = Debug|Any CPU
		Release|Any CPU = Release|Any CPU
	EndGlobalSection
	GlobalSection(ProjectConfigurationPlatforms) = postSolution
		{06642068-BF70-4ED4-B5B8-4A15D7198F90}.Debug|Any CPU.ActiveCfg = Debug|Any CPU
		{06642068-BF70-4ED4-B5B8-4A15D7198F90}.Debug|Any CPU.Build.0 = Debug|Any CPU
		{06642068-BF70-4ED4-B5B8-4A15D7198F90}.Release|Any CPU.ActiveCfg = Release|Any CPU
		{06642068-BF70-4ED4-B5B8-4A15D7198F90}.Release|Any CPU.Build.0 = Release|Any CPU
	EndGlobalSection
	GlobalSection(SolutionProperties) = preSolution
		HideSolutionNode = FALSE
	EndGlobalSection
	GlobalSection(ExtensibilityGlobals) = postSolution
		SolutionGuid = {34CAB75F-5BC4-45CF-91BD-7716C069F126}
	EndGlobalSection
EndGlobal
